
Microsoft Visual Studio Solution File, Format Version 12.00
# Visual Studio Version 16
VisualStudioVersion = 16.0.29102.190
MinimumVisualStudioVersion = 10.0.40219.1
Project("{2150E333-8FDC-42A3-9474-1A3956D46DE8}") = "src", "src", "{357B72BB-FC35-486D-A0BB-F580137A7340}"
EndProject
Project("{9A19103F-16F7-4668-BE54-9A1E7A4F7556}") = "ApplicationCore", "src\ApplicationCore\ApplicationCore.csproj", "{05FAE567-DA1E-44B1-962B-061BDB6E08EE}"
EndProject
Project("{9A19103F-16F7-4668-BE54-9A1E7A4F7556}") = "Infrastructure", "src\Infrastructure\Infrastructure.csproj", "{AB0AB94A-6126-443A-9F12-11816E8B1009}"
EndProject
Project("{2150E333-8FDC-42A3-9474-1A3956D46DE8}") = "tests", "tests", "{2BDFF825-0649-4731-A951-F0F0CB41CD73}"
EndProject
Project("{9A19103F-16F7-4668-BE54-9A1E7A4F7556}") = "UnitTests", "tests\UnitTests\UnitTests.csproj", "{60081B0F-2AF4-4BB6-8039-01F92BDE4D88}"
EndProject
Project("{9A19103F-16F7-4668-BE54-9A1E7A4F7556}") = "Web", "src\Web\Web.csproj", "{2A2D788B-3AFA-4E16-B410-C808872C75C6}"
EndProject
Project("{FAE04EC0-301F-11D3-BF4B-00C04F79EFBC}") = "Client", "src\Client\Client.csproj", "{7F91B23D-53BB-4E5D-AA61-551D357B7DEB}"
EndProject
Global
	GlobalSection(SolutionConfigurationPlatforms) = preSolution
		Debug|Any CPU = Debug|Any CPU
		Release|Any CPU = Release|Any CPU
	EndGlobalSection
	GlobalSection(ProjectConfigurationPlatforms) = postSolution
		{05FAE567-DA1E-44B1-962B-061BDB6E08EE}.Debug|Any CPU.ActiveCfg = Debug|Any CPU
		{05FAE567-DA1E-44B1-962B-061BDB6E08EE}.Debug|Any CPU.Build.0 = Debug|Any CPU
		{05FAE567-DA1E-44B1-962B-061BDB6E08EE}.Release|Any CPU.ActiveCfg = Release|Any CPU
		{05FAE567-DA1E-44B1-962B-061BDB6E08EE}.Release|Any CPU.Build.0 = Release|Any CPU
		{AB0AB94A-6126-443A-9F12-11816E8B1009}.Debug|Any CPU.ActiveCfg = Debug|Any CPU
		{AB0AB94A-6126-443A-9F12-11816E8B1009}.Debug|Any CPU.Build.0 = Debug|Any CPU
		{AB0AB94A-6126-443A-9F12-11816E8B1009}.Release|Any CPU.ActiveCfg = Release|Any CPU
		{AB0AB94A-6126-443A-9F12-11816E8B1009}.Release|Any CPU.Build.0 = Release|Any CPU
		{60081B0F-2AF4-4BB6-8039-01F92BDE4D88}.Debug|Any CPU.ActiveCfg = Debug|Any CPU
		{60081B0F-2AF4-4BB6-8039-01F92BDE4D88}.Debug|Any CPU.Build.0 = Debug|Any CPU
		{60081B0F-2AF4-4BB6-8039-01F92BDE4D88}.Release|Any CPU.ActiveCfg = Release|Any CPU
		{60081B0F-2AF4-4BB6-8039-01F92BDE4D88}.Release|Any CPU.Build.0 = Release|Any CPU
		{2A2D788B-3AFA-4E16-B410-C808872C75C6}.Debug|Any CPU.ActiveCfg = Debug|Any CPU
		{2A2D788B-3AFA-4E16-B410-C808872C75C6}.Debug|Any CPU.Build.0 = Debug|Any CPU
		{2A2D788B-3AFA-4E16-B410-C808872C75C6}.Release|Any CPU.ActiveCfg = Release|Any CPU
		{2A2D788B-3AFA-4E16-B410-C808872C75C6}.Release|Any CPU.Build.0 = Release|Any CPU
		{7F91B23D-53BB-4E5D-AA61-551D357B7DEB}.Debug|Any CPU.ActiveCfg = Debug|Any CPU
		{7F91B23D-53BB-4E5D-AA61-551D357B7DEB}.Debug|Any CPU.Build.0 = Debug|Any CPU
		{7F91B23D-53BB-4E5D-AA61-551D357B7DEB}.Release|Any CPU.ActiveCfg = Release|Any CPU
		{7F91B23D-53BB-4E5D-AA61-551D357B7DEB}.Release|Any CPU.Build.0 = Release|Any CPU
	EndGlobalSection
	GlobalSection(SolutionProperties) = preSolution
		HideSolutionNode = FALSE
	EndGlobalSection
	GlobalSection(NestedProjects) = preSolution
		{05FAE567-DA1E-44B1-962B-061BDB6E08EE} = {357B72BB-FC35-486D-A0BB-F580137A7340}
		{AB0AB94A-6126-443A-9F12-11816E8B1009} = {357B72BB-FC35-486D-A0BB-F580137A7340}
		{60081B0F-2AF4-4BB6-8039-01F92BDE4D88} = {2BDFF825-0649-4731-A951-F0F0CB41CD73}
		{2A2D788B-3AFA-4E16-B410-C808872C75C6} = {357B72BB-FC35-486D-A0BB-F580137A7340}
		{7F91B23D-53BB-4E5D-AA61-551D357B7DEB} = {357B72BB-FC35-486D-A0BB-F580137A7340}
	EndGlobalSection
	GlobalSection(ExtensibilityGlobals) = postSolution
		SolutionGuid = {67D610EB-6C37-473B-8AE7-BA0BFB245E6C}
	EndGlobalSection
EndGlobal
